
Microsoft Visual Studio Solution File, Format Version 12.00
# Visual Studio Version 16
VisualStudioVersion = 16.0.29709.97
MinimumVisualStudioVersion = 10.0.40219.1
Project("{FAE04EC0-301F-11D3-BF4B-00C04F79EFBC}") = "Vorlesung_2020-01-18", "Vorlesung_2020-01-18\Vorlesung_2020-01-18.csproj", "{5F760B09-27E5-4E81-BCA9-ED5678C7E0F2}"
EndProject
Global
	GlobalSection(SolutionConfigurationPlatforms) = preSolution
		Debug|Any CPU = Debug|Any CPU
		Release|Any CPU = Release|Any CPU
	EndGlobalSection
	GlobalSection(ProjectConfigurationPlatforms) = postSolution
		{5F760B09-27E5-4E81-BCA9-ED5678C7E0F2}.Debug|Any CPU.ActiveCfg = Debug|Any CPU
		{5F760B09-27E5-4E81-BCA9-ED5678C7E0F2}.Debug|Any CPU.Build.0 = Debug|Any CPU
		{5F760B09-27E5-4E81-BCA9-ED5678C7E0F2}.Release|Any CPU.ActiveCfg = Release|Any CPU
		{5F760B09-27E5-4E81-BCA9-ED5678C7E0F2}.Release|Any CPU.Build.0 = Release|Any CPU
	EndGlobalSection
	GlobalSection(SolutionProperties) = preSolution
		HideSolutionNode = FALSE
	EndGlobalSection
	GlobalSection(ExtensibilityGlobals) = postSolution
		SolutionGuid = {AB9CD9A5-A560-4E68-9C48-BDB19F2BB35A}
	EndGlobalSection
EndGlobal
