
Microsoft Visual Studio Solution File, Format Version 12.00
# Visual Studio Version 16
VisualStudioVersion = 16.0.29509.3
MinimumVisualStudioVersion = 10.0.40219.1
Project("{9A19103F-16F7-4668-BE54-9A1E7A4F7556}") = "Foreach Übung", "Foreach Übung\Foreach Übung.csproj", "{8413DF45-F1E0-42BB-AF47-54A8C2C85308}"
EndProject
Project("{9A19103F-16F7-4668-BE54-9A1E7A4F7556}") = "GeldautomatAusOnlineCampu", "GeldautomatAusOnlineCampu\GeldautomatAusOnlineCampu.csproj", "{9E88C1E5-2372-4154-8826-625621DC1FF4}"
EndProject
Global
	GlobalSection(SolutionConfigurationPlatforms) = preSolution
		Debug|Any CPU = Debug|Any CPU
		Release|Any CPU = Release|Any CPU
	EndGlobalSection
	GlobalSection(ProjectConfigurationPlatforms) = postSolution
		{8413DF45-F1E0-42BB-AF47-54A8C2C85308}.Debug|Any CPU.ActiveCfg = Debug|Any CPU
		{8413DF45-F1E0-42BB-AF47-54A8C2C85308}.Debug|Any CPU.Build.0 = Debug|Any CPU
		{8413DF45-F1E0-42BB-AF47-54A8C2C85308}.Release|Any CPU.ActiveCfg = Release|Any CPU
		{8413DF45-F1E0-42BB-AF47-54A8C2C85308}.Release|Any CPU.Build.0 = Release|Any CPU
		{9E88C1E5-2372-4154-8826-625621DC1FF4}.Debug|Any CPU.ActiveCfg = Debug|Any CPU
		{9E88C1E5-2372-4154-8826-625621DC1FF4}.Debug|Any CPU.Build.0 = Debug|Any CPU
		{9E88C1E5-2372-4154-8826-625621DC1FF4}.Release|Any CPU.ActiveCfg = Release|Any CPU
		{9E88C1E5-2372-4154-8826-625621DC1FF4}.Release|Any CPU.Build.0 = Release|Any CPU
	EndGlobalSection
	GlobalSection(SolutionProperties) = preSolution
		HideSolutionNode = FALSE
	EndGlobalSection
	GlobalSection(ExtensibilityGlobals) = postSolution
		SolutionGuid = {9A2690B5-509A-4F83-A443-CB848B35BCA6}
	EndGlobalSection
EndGlobal
